
Microsoft Visual Studio Solution File, Format Version 12.00
# Visual Studio Version 17
VisualStudioVersion = 17.7.34003.232
MinimumVisualStudioVersion = 10.0.40219.1
Project("{FAE04EC0-301F-11D3-BF4B-00C04F79EFBC}") = "api-rest-logistics", "api-rest-logistics\api-rest-logistics.csproj", "{DBFE869C-92DC-4DDE-8161-A85AA620C522}"
EndProject
Project("{FAE04EC0-301F-11D3-BF4B-00C04F79EFBC}") = "api-rest-logistics.Tests", "api-rest-logistics.Tests\api-rest-logistics.Tests.csproj", "{F68FE107-A1E0-4048-84CA-FAD9D41AEC2A}"
EndProject
Global
	GlobalSection(SolutionConfigurationPlatforms) = preSolution
		Debug|Any CPU = Debug|Any CPU
		Release|Any CPU = Release|Any CPU
	EndGlobalSection
	GlobalSection(ProjectConfigurationPlatforms) = postSolution
		{DBFE869C-92DC-4DDE-8161-A85AA620C522}.Debug|Any CPU.ActiveCfg = Debug|Any CPU
		{DBFE869C-92DC-4DDE-8161-A85AA620C522}.Debug|Any CPU.Build.0 = Debug|Any CPU
		{DBFE869C-92DC-4DDE-8161-A85AA620C522}.Release|Any CPU.ActiveCfg = Release|Any CPU
		{DBFE869C-92DC-4DDE-8161-A85AA620C522}.Release|Any CPU.Build.0 = Release|Any CPU
		{F68FE107-A1E0-4048-84CA-FAD9D41AEC2A}.Debug|Any CPU.ActiveCfg = Debug|Any CPU
		{F68FE107-A1E0-4048-84CA-FAD9D41AEC2A}.Debug|Any CPU.Build.0 = Debug|Any CPU
		{F68FE107-A1E0-4048-84CA-FAD9D41AEC2A}.Release|Any CPU.ActiveCfg = Release|Any CPU
		{F68FE107-A1E0-4048-84CA-FAD9D41AEC2A}.Release|Any CPU.Build.0 = Release|Any CPU
	EndGlobalSection
	GlobalSection(SolutionProperties) = preSolution
		HideSolutionNode = FALSE
	EndGlobalSection
	GlobalSection(ExtensibilityGlobals) = postSolution
		SolutionGuid = {C6A1B2BE-26FE-4BD1-BBC3-4A6DBB8F544D}
	EndGlobalSection
EndGlobal
